

#include <iostream>
using namespace
#include string

int main( ) {





    string idnumber;
    cout << "Please enter your idnumber" << endl;
    cin >> idnumber;



    if (idnumber, 6 < 4) {
        cout << "female";

    else if (idnumber, 6 > 5) {
        cout << "male";

    }


    return 0;

    }
